
Microsoft Visual Studio Solution File, Format Version 12.00
# Visual Studio Version 17
VisualStudioVersion = 17.4.33213.308
MinimumVisualStudioVersion = 10.0.40219.1
Project("{FAE04EC0-301F-11D3-BF4B-00C04F79EFBC}") = "SubirImagenBase64", "SubirImagenBase64.csproj", "{7A62562E-9B0A-4985-ABB5-92B2DBE02507}"
EndProject
Global
	GlobalSection(SolutionConfigurationPlatforms) = preSolution
		Debug|Any CPU = Debug|Any CPU
		Release|Any CPU = Release|Any CPU
	EndGlobalSection
	GlobalSection(ProjectConfigurationPlatforms) = postSolution
		{7A62562E-9B0A-4985-ABB5-92B2DBE02507}.Debug|Any CPU.ActiveCfg = Debug|Any CPU
		{7A62562E-9B0A-4985-ABB5-92B2DBE02507}.Debug|Any CPU.Build.0 = Debug|Any CPU
		{7A62562E-9B0A-4985-ABB5-92B2DBE02507}.Release|Any CPU.ActiveCfg = Release|Any CPU
		{7A62562E-9B0A-4985-ABB5-92B2DBE02507}.Release|Any CPU.Build.0 = Release|Any CPU
	EndGlobalSection
	GlobalSection(SolutionProperties) = preSolution
		HideSolutionNode = FALSE
	EndGlobalSection
	GlobalSection(ExtensibilityGlobals) = postSolution
		SolutionGuid = {438A919E-C330-4F4D-8446-4EBA4E7B2EEB}
	EndGlobalSection
EndGlobal
